// !$*UTF8*$!
{
	archiveVersion = 1;
	classes = {
	};
	objectVersion = 55;
	objects = {

/* Begin PBXBuildFile section */
		401325132836043F00CA802A /* AccountHandlerAppDelegateExtension.swift in Sources */ = {isa = PBXBuildFile; fileRef = 401325122836043F00CA802A /* AccountHandlerAppDelegateExtension.swift */; };
		401325152836047C00CA802A /* IncomeExpenseHandlerAppDelegateExtension.swift in Sources */ = {isa = PBXBuildFile; fileRef = 401325142836047C00CA802A /* IncomeExpenseHandlerAppDelegateExtension.swift */; };
		401325172836049A00CA802A /* TransactionHandlerAppDelegateExtension.swift in Sources */ = {isa = PBXBuildFile; fileRef = 401325162836049A00CA802A /* TransactionHandlerAppDelegateExtension.swift */; };
		40132519283604C300CA802A /* BalanceHandlerAppDelegateExtension.swift in Sources */ = {isa = PBXBuildFile; fileRef = 40132518283604C300CA802A /* BalanceHandlerAppDelegateExtension.swift */; };
		4041B410282DDDCC00C9DFF5 /* ExpenseCategoryListTableViewController.swift in Sources */ = {isa = PBXBuildFile; fileRef = 4041B40F282DDDCC00C9DFF5 /* ExpenseCategoryListTableViewController.swift */; };
		4041B412282DDDE200C9DFF5 /* AddExpenseCategoryTableViewController.swift in Sources */ = {isa = PBXBuildFile; fileRef = 4041B411282DDDE200C9DFF5 /* AddExpenseCategoryTableViewController.swift */; };
		4041C9882834E9B00004C2D7 /* BalanceDetailViewController.swift in Sources */ = {isa = PBXBuildFile; fileRef = 4041C9872834E9B00004C2D7 /* BalanceDetailViewController.swift */; };
		40568A1A282E526D001C13A8 /* TransactionTableViewCell.swift in Sources */ = {isa = PBXBuildFile; fileRef = 40568A19282E526D001C13A8 /* TransactionTableViewCell.swift */; };
		40568A1D282E65DC001C13A8 /* String.swift in Sources */ = {isa = PBXBuildFile; fileRef = 40568A1C282E65DC001C13A8 /* String.swift */; };
		4057207228293D4B00FFDA9F /* AppDelegate.swift in Sources */ = {isa = PBXBuildFile; fileRef = 4057207128293D4B00FFDA9F /* AppDelegate.swift */; };
		4057207428293D4B00FFDA9F /* SceneDelegate.swift in Sources */ = {isa = PBXBuildFile; fileRef = 4057207328293D4B00FFDA9F /* SceneDelegate.swift */; };
		4057207628293D4B00FFDA9F /* ViewController.swift in Sources */ = {isa = PBXBuildFile; fileRef = 4057207528293D4B00FFDA9F /* ViewController.swift */; };
		4057207928293D4B00FFDA9F /* Main.storyboard in Resources */ = {isa = PBXBuildFile; fileRef = 4057207728293D4B00FFDA9F /* Main.storyboard */; };
		4057207B28293D4C00FFDA9F /* Assets.xcassets in Resources */ = {isa = PBXBuildFile; fileRef = 4057207A28293D4C00FFDA9F /* Assets.xcassets */; };
		4057207E28293D4C00FFDA9F /* LaunchScreen.storyboard in Resources */ = {isa = PBXBuildFile; fileRef = 4057207C28293D4C00FFDA9F /* LaunchScreen.storyboard */; };
		4057208928293D4C00FFDA9F /* Money___Savings_ManagerTests.swift in Sources */ = {isa = PBXBuildFile; fileRef = 4057208828293D4C00FFDA9F /* Money___Savings_ManagerTests.swift */; };
		4057209328293D4C00FFDA9F /* Money___Savings_ManagerUITests.swift in Sources */ = {isa = PBXBuildFile; fileRef = 4057209228293D4C00FFDA9F /* Money___Savings_ManagerUITests.swift */; };
		4057209528293D4C00FFDA9F /* Money___Savings_ManagerUITestsLaunchTests.swift in Sources */ = {isa = PBXBuildFile; fileRef = 4057209428293D4C00FFDA9F /* Money___Savings_ManagerUITestsLaunchTests.swift */; };
		40A1A05F282D45EE00F1F52F /* AccountGroupListTableViewController.swift in Sources */ = {isa = PBXBuildFile; fileRef = 40A1A05E282D45EE00F1F52F /* AccountGroupListTableViewController.swift */; };
		40A1A061282D460B00F1F52F /* AddAccountGroupTableViewController.swift in Sources */ = {isa = PBXBuildFile; fileRef = 40A1A060282D460B00F1F52F /* AddAccountGroupTableViewController.swift */; };
		40A1A065282D524100F1F52F /* AddIncomeCategoryTableViewController.swift in Sources */ = {isa = PBXBuildFile; fileRef = 40A1A064282D524100F1F52F /* AddIncomeCategoryTableViewController.swift */; };
		40A1A067282D525000F1F52F /* IncomeCategoryListTableViewController.swift in Sources */ = {isa = PBXBuildFile; fileRef = 40A1A066282D525000F1F52F /* IncomeCategoryListTableViewController.swift */; };
		40E41951282E0BB9005F011F /* BalanceViewController.swift in Sources */ = {isa = PBXBuildFile; fileRef = 40E41950282E0BB9005F011F /* BalanceViewController.swift */; };
		40E41953282E21A0005F011F /* BalanceHeaderTableViewCell.swift in Sources */ = {isa = PBXBuildFile; fileRef = 40E41952282E21A0005F011F /* BalanceHeaderTableViewCell.swift */; };
		40E41955282E2FC4005F011F /* TransactionHeaderTableViewCell.swift in Sources */ = {isa = PBXBuildFile; fileRef = 40E41954282E2FC4005F011F /* TransactionHeaderTableViewCell.swift */; };
		40E41957282E3028005F011F /* TransactionListViewController.swift in Sources */ = {isa = PBXBuildFile; fileRef = 40E41956282E3028005F011F /* TransactionListViewController.swift */; };
		40F052A3282974080082A413 /* AccountListTableViewController.swift in Sources */ = {isa = PBXBuildFile; fileRef = 40F052A2282974080082A413 /* AccountListTableViewController.swift */; };
		40F052A5282974490082A413 /* AddAccountTableViewController.swift in Sources */ = {isa = PBXBuildFile; fileRef = 40F052A4282974490082A413 /* AddAccountTableViewController.swift */; };
		40F052A8282974830082A413 /* Account.swift in Sources */ = {isa = PBXBuildFile; fileRef = 40F052A7282974830082A413 /* Account.swift */; };
		40F052AA2829754E0082A413 /* AccountGroup.swift in Sources */ = {isa = PBXBuildFile; fileRef = 40F052A92829754E0082A413 /* AccountGroup.swift */; };
		40F052AC2829758B0082A413 /* IncomeCategory.swift in Sources */ = {isa = PBXBuildFile; fileRef = 40F052AB2829758B0082A413 /* IncomeCategory.swift */; };
		40F052AE282975B10082A413 /* ExpenseCategory.swift in Sources */ = {isa = PBXBuildFile; fileRef = 40F052AD282975B10082A413 /* ExpenseCategory.swift */; };
		40F052B0282975CE0082A413 /* Transaction.swift in Sources */ = {isa = PBXBuildFile; fileRef = 40F052AF282975CE0082A413 /* Transaction.swift */; };
		40F052B3282975E70082A413 /* TransactionType.swift in Sources */ = {isa = PBXBuildFile; fileRef = 40F052B2282975E70082A413 /* TransactionType.swift */; };
		40F052BA282B90C70082A413 /* ComplexDataSource.swift in Sources */ = {isa = PBXBuildFile; fileRef = 40F052B9282B90C70082A413 /* ComplexDataSource.swift */; };
/* End PBXBuildFile section */

/* Begin PBXContainerItemProxy section */
		4057208528293D4C00FFDA9F /* PBXContainerItemProxy */ = {
			isa = PBXContainerItemProxy;
			containerPortal = 4057206628293D4B00FFDA9F /* Project object */;
			proxyType = 1;
			remoteGlobalIDString = 4057206D28293D4B00FFDA9F;
			remoteInfo = "Money & Savings Manager";
		};
		4057208F28293D4C00FFDA9F /* PBXContainerItemProxy */ = {
			isa = PBXContainerItemProxy;
			containerPortal = 4057206628293D4B00FFDA9F /* Project object */;
			proxyType = 1;
			remoteGlobalIDString = 4057206D28293D4B00FFDA9F;
			remoteInfo = "Money & Savings Manager";
		};
/* End PBXContainerItemProxy section */

/* Begin PBXFileReference section */
		401325122836043F00CA802A /* AccountHandlerAppDelegateExtension.swift */ = {isa = PBXFileReference; lastKnownFileType = sourcecode.swift; path = AccountHandlerAppDelegateExtension.swift; sourceTree = "<group>"; };
		401325142836047C00CA802A /* IncomeExpenseHandlerAppDelegateExtension.swift */ = {isa = PBXFileReference; lastKnownFileType = sourcecode.swift; path = IncomeExpenseHandlerAppDelegateExtension.swift; sourceTree = "<group>"; };
		401325162836049A00CA802A /* TransactionHandlerAppDelegateExtension.swift */ = {isa = PBXFileReference; lastKnownFileType = sourcecode.swift; path = TransactionHandlerAppDelegateExtension.swift; sourceTree = "<group>"; };
		40132518283604C300CA802A /* BalanceHandlerAppDelegateExtension.swift */ = {isa = PBXFileReference; lastKnownFileType = sourcecode.swift; path = BalanceHandlerAppDelegateExtension.swift; sourceTree = "<group>"; };
		4041B40F282DDDCC00C9DFF5 /* ExpenseCategoryListTableViewController.swift */ = {isa = PBXFileReference; lastKnownFileType = sourcecode.swift; path = ExpenseCategoryListTableViewController.swift; sourceTree = "<group>"; };
		4041B411282DDDE200C9DFF5 /* AddExpenseCategoryTableViewController.swift */ = {isa = PBXFileReference; lastKnownFileType = sourcecode.swift; path = AddExpenseCategoryTableViewController.swift; sourceTree = "<group>"; };
		4041C9872834E9B00004C2D7 /* BalanceDetailViewController.swift */ = {isa = PBXFileReference; lastKnownFileType = sourcecode.swift; path = BalanceDetailViewController.swift; sourceTree = "<group>"; };
		40568A19282E526D001C13A8 /* TransactionTableViewCell.swift */ = {isa = PBXFileReference; lastKnownFileType = sourcecode.swift; path = TransactionTableViewCell.swift; sourceTree = "<group>"; };
		40568A1C282E65DC001C13A8 /* String.swift */ = {isa = PBXFileReference; lastKnownFileType = sourcecode.swift; path = String.swift; sourceTree = "<group>"; };
		4057206E28293D4B00FFDA9F /* Money & Savings Manager.app */ = {isa = PBXFileReference; explicitFileType = wrapper.application; includeInIndex = 0; path = "Money & Savings Manager.app"; sourceTree = BUILT_PRODUCTS_DIR; };
		4057207128293D4B00FFDA9F /* AppDelegate.swift */ = {isa = PBXFileReference; lastKnownFileType = sourcecode.swift; path = AppDelegate.swift; sourceTree = "<group>"; };
		4057207328293D4B00FFDA9F /* SceneDelegate.swift */ = {isa = PBXFileReference; lastKnownFileType = sourcecode.swift; path = SceneDelegate.swift; sourceTree = "<group>"; };
		4057207528293D4B00FFDA9F /* ViewController.swift */ = {isa = PBXFileReference; lastKnownFileType = sourcecode.swift; path = ViewController.swift; sourceTree = "<group>"; };
		4057207828293D4B00FFDA9F /* Base */ = {isa = PBXFileReference; lastKnownFileType = file.storyboard; name = Base; path = Base.lproj/Main.storyboard; sourceTree = "<group>"; };
		4057207A28293D4C00FFDA9F /* Assets.xcassets */ = {isa = PBXFileReference; lastKnownFileType = folder.assetcatalog; path = Assets.xcassets; sourceTree = "<group>"; };
		4057207D28293D4C00FFDA9F /* Base */ = {isa = PBXFileReference; lastKnownFileType = file.storyboard; name = Base; path = Base.lproj/LaunchScreen.storyboard; sourceTree = "<group>"; };
		4057207F28293D4C00FFDA9F /* Info.plist */ = {isa = PBXFileReference; lastKnownFileType = text.plist.xml; path = Info.plist; sourceTree = "<group>"; };
		4057208428293D4C00FFDA9F /* Money & Savings ManagerTests.xctest */ = {isa = PBXFileReference; explicitFileType = wrapper.cfbundle; includeInIndex = 0; path = "Money & Savings ManagerTests.xctest"; sourceTree = BUILT_PRODUCTS_DIR; };
		4057208828293D4C00FFDA9F /* Money___Savings_ManagerTests.swift */ = {isa = PBXFileReference; lastKnownFileType = sourcecode.swift; path = "Money___Savings_ManagerTests.swift"; sourceTree = "<group>"; };
		4057208E28293D4C00FFDA9F /* Money & Savings ManagerUITests.xctest */ = {isa = PBXFileReference; explicitFileType = wrapper.cfbundle; includeInIndex = 0; path = "Money & Savings ManagerUITests.xctest"; sourceTree = BUILT_PRODUCTS_DIR; };
		4057209228293D4C00FFDA9F /* Money___Savings_ManagerUITests.swift */ = {isa = PBXFileReference; lastKnownFileType = sourcecode.swift; path = "Money___Savings_ManagerUITests.swift"; sourceTree = "<group>"; };
		4057209428293D4C00FFDA9F /* Money___Savings_ManagerUITestsLaunchTests.swift */ = {isa = PBXFileReference; lastKnownFileType = sourcecode.swift; path = "Money___Savings_ManagerUITestsLaunchTests.swift"; sourceTree = "<group>"; };
		40A1A05E282D45EE00F1F52F /* AccountGroupListTableViewController.swift */ = {isa = PBXFileReference; lastKnownFileType = sourcecode.swift; path = AccountGroupListTableViewController.swift; sourceTree = "<group>"; };
		40A1A060282D460B00F1F52F /* AddAccountGroupTableViewController.swift */ = {isa = PBXFileReference; lastKnownFileType = sourcecode.swift; path = AddAccountGroupTableViewController.swift; sourceTree = "<group>"; };
		40A1A064282D524100F1F52F /* AddIncomeCategoryTableViewController.swift */ = {isa = PBXFileReference; lastKnownFileType = sourcecode.swift; path = AddIncomeCategoryTableViewController.swift; sourceTree = "<group>"; };
		40A1A066282D525000F1F52F /* IncomeCategoryListTableViewController.swift */ = {isa = PBXFileReference; lastKnownFileType = sourcecode.swift; path = IncomeCategoryListTableViewController.swift; sourceTree = "<group>"; };
		40E41950282E0BB9005F011F /* BalanceViewController.swift */ = {isa = PBXFileReference; lastKnownFileType = sourcecode.swift; path = BalanceViewController.swift; sourceTree = "<group>"; };
		40E41952282E21A0005F011F /* BalanceHeaderTableViewCell.swift */ = {isa = PBXFileReference; lastKnownFileType = sourcecode.swift; path = BalanceHeaderTableViewCell.swift; sourceTree = "<group>"; };
		40E41954282E2FC4005F011F /* TransactionHeaderTableViewCell.swift */ = {isa = PBXFileReference; lastKnownFileType = sourcecode.swift; path = TransactionHeaderTableViewCell.swift; sourceTree = "<group>"; };
		40E41956282E3028005F011F /* TransactionListViewController.swift */ = {isa = PBXFileReference; lastKnownFileType = sourcecode.swift; path = TransactionListViewController.swift; sourceTree = "<group>"; };
		40F052A2282974080082A413 /* AccountListTableViewController.swift */ = {isa = PBXFileReference; lastKnownFileType = sourcecode.swift; path = AccountListTableViewController.swift; sourceTree = "<group>"; };
		40F052A4282974490082A413 /* AddAccountTableViewController.swift */ = {isa = PBXFileReference; lastKnownFileType = sourcecode.swift; path = AddAccountTableViewController.swift; sourceTree = "<group>"; };
		40F052A7282974830082A413 /* Account.swift */ = {isa = PBXFileReference; lastKnownFileType = sourcecode.swift; path = Account.swift; sourceTree = "<group>"; };
		40F052A92829754E0082A413 /* AccountGroup.swift */ = {isa = PBXFileReference; lastKnownFileType = sourcecode.swift; path = AccountGroup.swift; sourceTree = "<group>"; };
		40F052AB2829758B0082A413 /* IncomeCategory.swift */ = {isa = PBXFileReference; lastKnownFileType = sourcecode.swift; path = IncomeCategory.swift; sourceTree = "<group>"; };
		40F052AD282975B10082A413 /* ExpenseCategory.swift */ = {isa = PBXFileReference; lastKnownFileType = sourcecode.swift; path = ExpenseCategory.swift; sourceTree = "<group>"; };
		40F052AF282975CE0082A413 /* Transaction.swift */ = {isa = PBXFileReference; lastKnownFileType = sourcecode.swift; path = Transaction.swift; sourceTree = "<group>"; };
		40F052B2282975E70082A413 /* TransactionType.swift */ = {isa = PBXFileReference; lastKnownFileType = sourcecode.swift; path = TransactionType.swift; sourceTree = "<group>"; };
		40F052B9282B90C70082A413 /* ComplexDataSource.swift */ = {isa = PBXFileReference; lastKnownFileType = sourcecode.swift; path = ComplexDataSource.swift; sourceTree = "<group>"; };
/* End PBXFileReference section */

/* Begin PBXFrameworksBuildPhase section */
		4057206B28293D4B00FFDA9F /* Frameworks */ = {
			isa = PBXFrameworksBuildPhase;
			buildActionMask = 2147483647;
			files = (
			);
			runOnlyForDeploymentPostprocessing = 0;
		};
		4057208128293D4C00FFDA9F /* Frameworks */ = {
			isa = PBXFrameworksBuildPhase;
			buildActionMask = 2147483647;
			files = (
			);
			runOnlyForDeploymentPostprocessing = 0;
		};
		4057208B28293D4C00FFDA9F /* Frameworks */ = {
			isa = PBXFrameworksBuildPhase;
			buildActionMask = 2147483647;
			files = (
			);
			runOnlyForDeploymentPostprocessing = 0;
		};
/* End PBXFrameworksBuildPhase section */

/* Begin PBXGroup section */
		40568A1B282E65D4001C13A8 /* Extension */ = {
			isa = PBXGroup;
			children = (
				40568A1C282E65DC001C13A8 /* String.swift */,
				401325122836043F00CA802A /* AccountHandlerAppDelegateExtension.swift */,
				401325142836047C00CA802A /* IncomeExpenseHandlerAppDelegateExtension.swift */,
				401325162836049A00CA802A /* TransactionHandlerAppDelegateExtension.swift */,
				40132518283604C300CA802A /* BalanceHandlerAppDelegateExtension.swift */,
			);
			path = Extension;
			sourceTree = "<group>";
		};
		4057206528293D4B00FFDA9F = {
			isa = PBXGroup;
			children = (
				4057207028293D4B00FFDA9F /* Money & Savings Manager */,
				4057208728293D4C00FFDA9F /* Money & Savings ManagerTests */,
				4057209128293D4C00FFDA9F /* Money & Savings ManagerUITests */,
				4057206F28293D4B00FFDA9F /* Products */,
			);
			sourceTree = "<group>";
		};
		4057206F28293D4B00FFDA9F /* Products */ = {
			isa = PBXGroup;
			children = (
				4057206E28293D4B00FFDA9F /* Money & Savings Manager.app */,
				4057208428293D4C00FFDA9F /* Money & Savings ManagerTests.xctest */,
				4057208E28293D4C00FFDA9F /* Money & Savings ManagerUITests.xctest */,
			);
			name = Products;
			sourceTree = "<group>";
		};
		4057207028293D4B00FFDA9F /* Money & Savings Manager */ = {
			isa = PBXGroup;
			children = (
				40568A1B282E65D4001C13A8 /* Extension */,
				40E4194B282E01BC005F011F /* View */,
				40F052A62829747A0082A413 /* Models */,
				40F0529C282966450082A413 /* ViewController */,
				4057207128293D4B00FFDA9F /* AppDelegate.swift */,
				4057207328293D4B00FFDA9F /* SceneDelegate.swift */,
				4057207528293D4B00FFDA9F /* ViewController.swift */,
				4057207728293D4B00FFDA9F /* Main.storyboard */,
				4057207A28293D4C00FFDA9F /* Assets.xcassets */,
				4057207C28293D4C00FFDA9F /* LaunchScreen.storyboard */,
				4057207F28293D4C00FFDA9F /* Info.plist */,
			);
			path = "Money & Savings Manager";
			sourceTree = "<group>";
		};
		4057208728293D4C00FFDA9F /* Money & Savings ManagerTests */ = {
			isa = PBXGroup;
			children = (
				4057208828293D4C00FFDA9F /* Money___Savings_ManagerTests.swift */,
			);
			path = "Money & Savings ManagerTests";
			sourceTree = "<group>";
		};
		4057209128293D4C00FFDA9F /* Money & Savings ManagerUITests */ = {
			isa = PBXGroup;
			children = (
				4057209228293D4C00FFDA9F /* Money___Savings_ManagerUITests.swift */,
				4057209428293D4C00FFDA9F /* Money___Savings_ManagerUITestsLaunchTests.swift */,
			);
			path = "Money & Savings ManagerUITests";
			sourceTree = "<group>";
		};
		40E41949282DFA7F005F011F /* Balance */ = {
			isa = PBXGroup;
			children = (
				40E41950282E0BB9005F011F /* BalanceViewController.swift */,
				4041C9872834E9B00004C2D7 /* BalanceDetailViewController.swift */,
			);
			path = Balance;
			sourceTree = "<group>";
		};
		40E4194A282DFA87005F011F /* Transaction */ = {
			isa = PBXGroup;
			children = (
				40E41956282E3028005F011F /* TransactionListViewController.swift */,
			);
			path = Transaction;
			sourceTree = "<group>";
		};
		40E4194B282E01BC005F011F /* View */ = {
			isa = PBXGroup;
			children = (
				40E41952282E21A0005F011F /* BalanceHeaderTableViewCell.swift */,
				40E41954282E2FC4005F011F /* TransactionHeaderTableViewCell.swift */,
				40568A19282E526D001C13A8 /* TransactionTableViewCell.swift */,
			);
			path = View;
			sourceTree = "<group>";
		};
		40F0529C282966450082A413 /* ViewController */ = {
			isa = PBXGroup;
			children = (
				40E4194A282DFA87005F011F /* Transaction */,
				40E41949282DFA7F005F011F /* Balance */,
				40F0529D2829664E0082A413 /* Settings */,
			);
			path = ViewController;
			sourceTree = "<group>";
		};
		40F0529D2829664E0082A413 /* Settings */ = {
			isa = PBXGroup;
			children = (
				40F052A1282966970082A413 /* Expense Category */,
				40F052A02829668A0082A413 /* Income Category */,
				40F0529F2829665A0082A413 /* Account Group */,
				40F0529E282966550082A413 /* Account */,
			);
			path = Settings;
			sourceTree = "<group>";
		};
		40F0529E282966550082A413 /* Account */ = {
			isa = PBXGroup;
			children = (
				40F052A2282974080082A413 /* AccountListTableViewController.swift */,
				40F052A4282974490082A413 /* AddAccountTableViewController.swift */,
			);
			path = Account;
			sourceTree = "<group>";
		};
		40F0529F2829665A0082A413 /* Account Group */ = {
			isa = PBXGroup;
			children = (
				40A1A05E282D45EE00F1F52F /* AccountGroupListTableViewController.swift */,
				40A1A060282D460B00F1F52F /* AddAccountGroupTableViewController.swift */,
			);
			path = "Account Group";
			sourceTree = "<group>";
		};
		40F052A02829668A0082A413 /* Income Category */ = {
			isa = PBXGroup;
			children = (
				40A1A064282D524100F1F52F /* AddIncomeCategoryTableViewController.swift */,
				40A1A066282D525000F1F52F /* IncomeCategoryListTableViewController.swift */,
			);
			path = "Income Category";
			sourceTree = "<group>";
		};
		40F052A1282966970082A413 /* Expense Category */ = {
			isa = PBXGroup;
			children = (
				4041B40F282DDDCC00C9DFF5 /* ExpenseCategoryListTableViewController.swift */,
				4041B411282DDDE200C9DFF5 /* AddExpenseCategoryTableViewController.swift */,
			);
			path = "Expense Category";
			sourceTree = "<group>";
		};
		40F052A62829747A0082A413 /* Models */ = {
			isa = PBXGroup;
			children = (
				40F052B1282975DB0082A413 /* Enum */,
				40F052A7282974830082A413 /* Account.swift */,
				40F052A92829754E0082A413 /* AccountGroup.swift */,
				40F052AB2829758B0082A413 /* IncomeCategory.swift */,
				40F052AD282975B10082A413 /* ExpenseCategory.swift */,
				40F052AF282975CE0082A413 /* Transaction.swift */,
				40F052B9282B90C70082A413 /* ComplexDataSource.swift */,
			);
			path = Models;
			sourceTree = "<group>";
		};
		40F052B1282975DB0082A413 /* Enum */ = {
			isa = PBXGroup;
			children = (
				40F052B2282975E70082A413 /* TransactionType.swift */,
			);
			path = Enum;
			sourceTree = "<group>";
		};
/* End PBXGroup section */

/* Begin PBXNativeTarget section */
		4057206D28293D4B00FFDA9F /* Money & Savings Manager */ = {
			isa = PBXNativeTarget;
			buildConfigurationList = 4057209828293D4C00FFDA9F /* Build configuration list for PBXNativeTarget "Money & Savings Manager" */;
			buildPhases = (
				4057206A28293D4B00FFDA9F /* Sources */,
				4057206B28293D4B00FFDA9F /* Frameworks */,
				4057206C28293D4B00FFDA9F /* Resources */,
			);
			buildRules = (
			);
			dependencies = (
			);
			name = "Money & Savings Manager";
			productName = "Money & Savings Manager";
			productReference = 4057206E28293D4B00FFDA9F /* Money & Savings Manager.app */;
			productType = "com.apple.product-type.application";
		};
		4057208328293D4C00FFDA9F /* Money & Savings ManagerTests */ = {
			isa = PBXNativeTarget;
			buildConfigurationList = 4057209B28293D4C00FFDA9F /* Build configuration list for PBXNativeTarget "Money & Savings ManagerTests" */;
			buildPhases = (
				4057208028293D4C00FFDA9F /* Sources */,
				4057208128293D4C00FFDA9F /* Frameworks */,
				4057208228293D4C00FFDA9F /* Resources */,
			);
			buildRules = (
			);
			dependencies = (
				4057208628293D4C00FFDA9F /* PBXTargetDependency */,
			);
			name = "Money & Savings ManagerTests";
			productName = "Money & Savings ManagerTests";
			productReference = 4057208428293D4C00FFDA9F /* Money & Savings ManagerTests.xctest */;
			productType = "com.apple.product-type.bundle.unit-test";
		};
		4057208D28293D4C00FFDA9F /* Money & Savings ManagerUITests */ = {
			isa = PBXNativeTarget;
			buildConfigurationList = 4057209E28293D4C00FFDA9F /* Build configuration list for PBXNativeTarget "Money & Savings ManagerUITests" */;
			buildPhases = (
				4057208A28293D4C00FFDA9F /* Sources */,
				4057208B28293D4C00FFDA9F /* Frameworks */,
				4057208C28293D4C00FFDA9F /* Resources */,
			);
			buildRules = (
			);
			dependencies = (
				4057209028293D4C00FFDA9F /* PBXTargetDependency */,
			);
			name = "Money & Savings ManagerUITests";
			productName = "Money & Savings ManagerUITests";
			productReference = 4057208E28293D4C00FFDA9F /* Money & Savings ManagerUITests.xctest */;
			productType = "com.apple.product-type.bundle.ui-testing";
		};
/* End PBXNativeTarget section */

/* Begin PBXProject section */
		4057206628293D4B00FFDA9F /* Project object */ = {
			isa = PBXProject;
			attributes = {
				BuildIndependentTargetsInParallel = 1;
				LastSwiftUpdateCheck = 1330;
				LastUpgradeCheck = 1330;
				TargetAttributes = {
					4057206D28293D4B00FFDA9F = {
						CreatedOnToolsVersion = 13.3;
					};
					4057208328293D4C00FFDA9F = {
						CreatedOnToolsVersion = 13.3;
						TestTargetID = 4057206D28293D4B00FFDA9F;
					};
					4057208D28293D4C00FFDA9F = {
						CreatedOnToolsVersion = 13.3;
						TestTargetID = 4057206D28293D4B00FFDA9F;
					};
				};
			};
			buildConfigurationList = 4057206928293D4B00FFDA9F /* Build configuration list for PBXProject "Money & Savings Manager" */;
			compatibilityVersion = "Xcode 13.0";
			developmentRegion = en;
			hasScannedForEncodings = 0;
			knownRegions = (
				en,
				Base,
			);
			mainGroup = 4057206528293D4B00FFDA9F;
			productRefGroup = 4057206F28293D4B00FFDA9F /* Products */;
			projectDirPath = "";
			projectRoot = "";
			targets = (
				4057206D28293D4B00FFDA9F /* Money & Savings Manager */,
				4057208328293D4C00FFDA9F /* Money & Savings ManagerTests */,
				4057208D28293D4C00FFDA9F /* Money & Savings ManagerUITests */,
			);
		};
/* End PBXProject section */

/* Begin PBXResourcesBuildPhase section */
		4057206C28293D4B00FFDA9F /* Resources */ = {
			isa = PBXResourcesBuildPhase;
			buildActionMask = 2147483647;
			files = (
				4057207E28293D4C00FFDA9F /* LaunchScreen.storyboard in Resources */,
				4057207B28293D4C00FFDA9F /* Assets.xcassets in Resources */,
				4057207928293D4B00FFDA9F /* Main.storyboard in Resources */,
			);
			runOnlyForDeploymentPostprocessing = 0;
		};
		4057208228293D4C00FFDA9F /* Resources */ = {
			isa = PBXResourcesBuildPhase;
			buildActionMask = 2147483647;
			files = (
			);
			runOnlyForDeploymentPostprocessing = 0;
		};
		4057208C28293D4C00FFDA9F /* Resources */ = {
			isa = PBXResourcesBuildPhase;
			buildActionMask = 2147483647;
			files = (
			);
			runOnlyForDeploymentPostprocessing = 0;
		};
/* End PBXResourcesBuildPhase section */

/* Begin PBXSourcesBuildPhase section */
		4057206A28293D4B00FFDA9F /* Sources */ = {
			isa = PBXSourcesBuildPhase;
			buildActionMask = 2147483647;
			files = (
				40A1A067282D525000F1F52F /* IncomeCategoryListTableViewController.swift in Sources */,
				401325152836047C00CA802A /* IncomeExpenseHandlerAppDelegateExtension.swift in Sources */,
				40F052AC2829758B0082A413 /* IncomeCategory.swift in Sources */,
				40F052AA2829754E0082A413 /* AccountGroup.swift in Sources */,
				40E41955282E2FC4005F011F /* TransactionHeaderTableViewCell.swift in Sources */,
				40F052AE282975B10082A413 /* ExpenseCategory.swift in Sources */,
				4041C9882834E9B00004C2D7 /* BalanceDetailViewController.swift in Sources */,
				40132519283604C300CA802A /* BalanceHandlerAppDelegateExtension.swift in Sources */,
				4057207628293D4B00FFDA9F /* ViewController.swift in Sources */,
				4041B412282DDDE200C9DFF5 /* AddExpenseCategoryTableViewController.swift in Sources */,
				40E41957282E3028005F011F /* TransactionListViewController.swift in Sources */,
				4041B410282DDDCC00C9DFF5 /* ExpenseCategoryListTableViewController.swift in Sources */,
				40F052BA282B90C70082A413 /* ComplexDataSource.swift in Sources */,
				401325172836049A00CA802A /* TransactionHandlerAppDelegateExtension.swift in Sources */,
				40A1A05F282D45EE00F1F52F /* AccountGroupListTableViewController.swift in Sources */,
				40F052B0282975CE0082A413 /* Transaction.swift in Sources */,
				40F052A5282974490082A413 /* AddAccountTableViewController.swift in Sources */,
				4057207228293D4B00FFDA9F /* AppDelegate.swift in Sources */,
				401325132836043F00CA802A /* AccountHandlerAppDelegateExtension.swift in Sources */,
				40568A1D282E65DC001C13A8 /* String.swift in Sources */,
				4057207428293D4B00FFDA9F /* SceneDelegate.swift in Sources */,
				40F052A3282974080082A413 /* AccountListTableViewController.swift in Sources */,
				40568A1A282E526D001C13A8 /* TransactionTableViewCell.swift in Sources */,
				40F052B3282975E70082A413 /* TransactionType.swift in Sources */,
				40F052A8282974830082A413 /* Account.swift in Sources */,
				40E41951282E0BB9005F011F /* BalanceViewController.swift in Sources */,
				40A1A065282D524100F1F52F /* AddIncomeCategoryTableViewController.swift in Sources */,
				40E41953282E21A0005F011F /* BalanceHeaderTableViewCell.swift in Sources */,
				40A1A061282D460B00F1F52F /* AddAccountGroupTableViewController.swift in Sources */,
			);
			runOnlyForDeploymentPostprocessing = 0;
		};
		4057208028293D4C00FFDA9F /* Sources */ = {
			isa = PBXSourcesBuildPhase;
			buildActionMask = 2147483647;
			files = (
				4057208928293D4C00FFDA9F /* Money___Savings_ManagerTests.swift in Sources */,
			);
			runOnlyForDeploymentPostprocessing = 0;
		};
		4057208A28293D4C00FFDA9F /* Sources */ = {
			isa = PBXSourcesBuildPhase;
			buildActionMask = 2147483647;
			files = (
				4057209328293D4C00FFDA9F /* Money___Savings_ManagerUITests.swift in Sources */,
				4057209528293D4C00FFDA9F /* Money___Savings_ManagerUITestsLaunchTests.swift in Sources */,
			);
			runOnlyForDeploymentPostprocessing = 0;
		};
/* End PBXSourcesBuildPhase section */

/* Begin PBXTargetDependency section */
		4057208628293D4C00FFDA9F /* PBXTargetDependency */ = {
			isa = PBXTargetDependency;
			target = 4057206D28293D4B00FFDA9F /* Money & Savings Manager */;
			targetProxy = 4057208528293D4C00FFDA9F /* PBXContainerItemProxy */;
		};
		4057209028293D4C00FFDA9F /* PBXTargetDependency */ = {
			isa = PBXTargetDependency;
			target = 4057206D28293D4B00FFDA9F /* Money & Savings Manager */;
			targetProxy = 4057208F28293D4C00FFDA9F /* PBXContainerItemProxy */;
		};
/* End PBXTargetDependency section */

/* Begin PBXVariantGroup section */
		4057207728293D4B00FFDA9F /* Main.storyboard */ = {
			isa = PBXVariantGroup;
			children = (
				4057207828293D4B00FFDA9F /* Base */,
			);
			name = Main.storyboard;
			sourceTree = "<group>";
		};
		4057207C28293D4C00FFDA9F /* LaunchScreen.storyboard */ = {
			isa = PBXVariantGroup;
			children = (
				4057207D28293D4C00FFDA9F /* Base */,
			);
			name = LaunchScreen.storyboard;
			sourceTree = "<group>";
		};
/* End PBXVariantGroup section */

/* Begin XCBuildConfiguration section */
		4057209628293D4C00FFDA9F /* Debug */ = {
			isa = XCBuildConfiguration;
			buildSettings = {
				ALWAYS_SEARCH_USER_PATHS = NO;
				CLANG_ANALYZER_NONNULL = YES;
				CLANG_ANALYZER_NUMBER_OBJECT_CONVERSION = YES_AGGRESSIVE;
				CLANG_CXX_LANGUAGE_STANDARD = "gnu++17";
				CLANG_ENABLE_MODULES = YES;
				CLANG_ENABLE_OBJC_ARC = YES;
				CLANG_ENABLE_OBJC_WEAK = YES;
				CLANG_WARN_BLOCK_CAPTURE_AUTORELEASING = YES;
				CLANG_WARN_BOOL_CONVERSION = YES;
				CLANG_WARN_COMMA = YES;
				CLANG_WARN_CONSTANT_CONVERSION = YES;
				CLANG_WARN_DEPRECATED_OBJC_IMPLEMENTATIONS = YES;
				CLANG_WARN_DIRECT_OBJC_ISA_USAGE = YES_ERROR;
				CLANG_WARN_DOCUMENTATION_COMMENTS = YES;
				CLANG_WARN_EMPTY_BODY = YES;
				CLANG_WARN_ENUM_CONVERSION = YES;
				CLANG_WARN_INFINITE_RECURSION = YES;
				CLANG_WARN_INT_CONVERSION = YES;
				CLANG_WARN_NON_LITERAL_NULL_CONVERSION = YES;
				CLANG_WARN_OBJC_IMPLICIT_RETAIN_SELF = YES;
				CLANG_WARN_OBJC_LITERAL_CONVERSION = YES;
				CLANG_WARN_OBJC_ROOT_CLASS = YES_ERROR;
				CLANG_WARN_QUOTED_INCLUDE_IN_FRAMEWORK_HEADER = YES;
				CLANG_WARN_RANGE_LOOP_ANALYSIS = YES;
				CLANG_WARN_STRICT_PROTOTYPES = YES;
				CLANG_WARN_SUSPICIOUS_MOVE = YES;
				CLANG_WARN_UNGUARDED_AVAILABILITY = YES_AGGRESSIVE;
				CLANG_WARN_UNREACHABLE_CODE = YES;
				CLANG_WARN__DUPLICATE_METHOD_MATCH = YES;
				COPY_PHASE_STRIP = NO;
				DEBUG_INFORMATION_FORMAT = dwarf;
				ENABLE_STRICT_OBJC_MSGSEND = YES;
				ENABLE_TESTABILITY = YES;
				GCC_C_LANGUAGE_STANDARD = gnu11;
				GCC_DYNAMIC_NO_PIC = NO;
				GCC_NO_COMMON_BLOCKS = YES;
				GCC_OPTIMIZATION_LEVEL = 0;
				GCC_PREPROCESSOR_DEFINITIONS = (
					"DEBUG=1",
					"$(inherited)",
				);
				GCC_WARN_64_TO_32_BIT_CONVERSION = YES;
				GCC_WARN_ABOUT_RETURN_TYPE = YES_ERROR;
				GCC_WARN_UNDECLARED_SELECTOR = YES;
				GCC_WARN_UNINITIALIZED_AUTOS = YES_AGGRESSIVE;
				GCC_WARN_UNUSED_FUNCTION = YES;
				GCC_WARN_UNUSED_VARIABLE = YES;
				IPHONEOS_DEPLOYMENT_TARGET = 15.4;
				MTL_ENABLE_DEBUG_INFO = INCLUDE_SOURCE;
				MTL_FAST_MATH = YES;
				ONLY_ACTIVE_ARCH = YES;
				SDKROOT = iphoneos;
				SWIFT_ACTIVE_COMPILATION_CONDITIONS = DEBUG;
				SWIFT_OPTIMIZATION_LEVEL = "-Onone";
			};
			name = Debug;
		};
		4057209728293D4C00FFDA9F /* Release */ = {
			isa = XCBuildConfiguration;
			buildSettings = {
				ALWAYS_SEARCH_USER_PATHS = NO;
				CLANG_ANALYZER_NONNULL = YES;
				CLANG_ANALYZER_NUMBER_OBJECT_CONVERSION = YES_AGGRESSIVE;
				CLANG_CXX_LANGUAGE_STANDARD = "gnu++17";
				CLANG_ENABLE_MODULES = YES;
				CLANG_ENABLE_OBJC_ARC = YES;
				CLANG_ENABLE_OBJC_WEAK = YES;
				CLANG_WARN_BLOCK_CAPTURE_AUTORELEASING = YES;
				CLANG_WARN_BOOL_CONVERSION = YES;
				CLANG_WARN_COMMA = YES;
				CLANG_WARN_CONSTANT_CONVERSION = YES;
				CLANG_WARN_DEPRECATED_OBJC_IMPLEMENTATIONS = YES;
				CLANG_WARN_DIRECT_OBJC_ISA_USAGE = YES_ERROR;
				CLANG_WARN_DOCUMENTATION_COMMENTS = YES;
				CLANG_WARN_EMPTY_BODY = YES;
				CLANG_WARN_ENUM_CONVERSION = YES;
				CLANG_WARN_INFINITE_RECURSION = YES;
				CLANG_WARN_INT_CONVERSION = YES;
				CLANG_WARN_NON_LITERAL_NULL_CONVERSION = YES;
				CLANG_WARN_OBJC_IMPLICIT_RETAIN_SELF = YES;
				CLANG_WARN_OBJC_LITERAL_CONVERSION = YES;
				CLANG_WARN_OBJC_ROOT_CLASS = YES_ERROR;
				CLANG_WARN_QUOTED_INCLUDE_IN_FRAMEWORK_HEADER = YES;
				CLANG_WARN_RANGE_LOOP_ANALYSIS = YES;
				CLANG_WARN_STRICT_PROTOTYPES = YES;
				CLANG_WARN_SUSPICIOUS_MOVE = YES;
				CLANG_WARN_UNGUARDED_AVAILABILITY = YES_AGGRESSIVE;
				CLANG_WARN_UNREACHABLE_CODE = YES;
				CLANG_WARN__DUPLICATE_METHOD_MATCH = YES;
				COPY_PHASE_STRIP = NO;
				DEBUG_INFORMATION_FORMAT = "dwarf-with-dsym";
				ENABLE_NS_ASSERTIONS = NO;
				ENABLE_STRICT_OBJC_MSGSEND = YES;
				GCC_C_LANGUAGE_STANDARD = gnu11;
				GCC_NO_COMMON_BLOCKS = YES;
				GCC_WARN_64_TO_32_BIT_CONVERSION = YES;
				GCC_WARN_ABOUT_RETURN_TYPE = YES_ERROR;
				GCC_WARN_UNDECLARED_SELECTOR = YES;
				GCC_WARN_UNINITIALIZED_AUTOS = YES_AGGRESSIVE;
				GCC_WARN_UNUSED_FUNCTION = YES;
				GCC_WARN_UNUSED_VARIABLE = YES;
				IPHONEOS_DEPLOYMENT_TARGET = 15.4;
				MTL_ENABLE_DEBUG_INFO = NO;
				MTL_FAST_MATH = YES;
				SDKROOT = iphoneos;
				SWIFT_COMPILATION_MODE = wholemodule;
				SWIFT_OPTIMIZATION_LEVEL = "-O";
				VALIDATE_PRODUCT = YES;
			};
			name = Release;
		};
		4057209928293D4C00FFDA9F /* Debug */ = {
			isa = XCBuildConfiguration;
			buildSettings = {
				ASSETCATALOG_COMPILER_APPICON_NAME = AppIcon;
				ASSETCATALOG_COMPILER_GLOBAL_ACCENT_COLOR_NAME = AccentColor;
				CODE_SIGN_STYLE = Automatic;
				CURRENT_PROJECT_VERSION = 1;
				DEVELOPMENT_TEAM = AR84MSRR4K;
				GENERATE_INFOPLIST_FILE = YES;
				INFOPLIST_FILE = "Money & Savings Manager/Info.plist";
				INFOPLIST_KEY_UIApplicationSupportsIndirectInputEvents = YES;
				INFOPLIST_KEY_UILaunchStoryboardName = LaunchScreen;
				INFOPLIST_KEY_UIMainStoryboardFile = Main;
				INFOPLIST_KEY_UISupportedInterfaceOrientations_iPad = "UIInterfaceOrientationPortrait UIInterfaceOrientationPortraitUpsideDown UIInterfaceOrientationLandscapeLeft UIInterfaceOrientationLandscapeRight";
				INFOPLIST_KEY_UISupportedInterfaceOrientations_iPhone = "UIInterfaceOrientationPortrait UIInterfaceOrientationLandscapeLeft UIInterfaceOrientationLandscapeRight";
				LD_RUNPATH_SEARCH_PATHS = (
					"$(inherited)",
					"@executable_path/Frameworks",
				);
				MARKETING_VERSION = 1.0;
				PRODUCT_BUNDLE_IDENTIFIER = "developeracademy.Money---Savings-Manager";
				PRODUCT_NAME = "$(TARGET_NAME)";
				SWIFT_EMIT_LOC_STRINGS = YES;
				SWIFT_VERSION = 5.0;
				TARGETED_DEVICE_FAMILY = "1,2";
			};
			name = Debug;
		};
		4057209A28293D4C00FFDA9F /* Release */ = {
			isa = XCBuildConfiguration;
			buildSettings = {
				ASSETCATALOG_COMPILER_APPICON_NAME = AppIcon;
				ASSETCATALOG_COMPILER_GLOBAL_ACCENT_COLOR_NAME = AccentColor;
				CODE_SIGN_STYLE = Automatic;
				CURRENT_PROJECT_VERSION = 1;
				DEVELOPMENT_TEAM = AR84MSRR4K;
				GENERATE_INFOPLIST_FILE = YES;
				INFOPLIST_FILE = "Money & Savings Manager/Info.plist";
				INFOPLIST_KEY_UIApplicationSupportsIndirectInputEvents = YES;
				INFOPLIST_KEY_UILaunchStoryboardName = LaunchScreen;
				INFOPLIST_KEY_UIMainStoryboardFile = Main;
				INFOPLIST_KEY_UISupportedInterfaceOrientations_iPad = "UIInterfaceOrientationPortrait UIInterfaceOrientationPortraitUpsideDown UIInterfaceOrientationLandscapeLeft UIInterfaceOrientationLandscapeRight";
				INFOPLIST_KEY_UISupportedInterfaceOrientations_iPhone = "UIInterfaceOrientationPortrait UIInterfaceOrientationLandscapeLeft UIInterfaceOrientationLandscapeRight";
				LD_RUNPATH_SEARCH_PATHS = (
					"$(inherited)",
					"@executable_path/Frameworks",
				);
				MARKETING_VERSION = 1.0;
				PRODUCT_BUNDLE_IDENTIFIER = "developeracademy.Money---Savings-Manager";
				PRODUCT_NAME = "$(TARGET_NAME)";
				SWIFT_EMIT_LOC_STRINGS = YES;
				SWIFT_VERSION = 5.0;
				TARGETED_DEVICE_FAMILY = "1,2";
			};
			name = Release;
		};
		4057209C28293D4C00FFDA9F /* Debug */ = {
			isa = XCBuildConfiguration;
			buildSettings = {
				ALWAYS_EMBED_SWIFT_STANDARD_LIBRARIES = YES;
				BUNDLE_LOADER = "$(TEST_HOST)";
				CODE_SIGN_STYLE = Automatic;
				CURRENT_PROJECT_VERSION = 1;
				DEVELOPMENT_TEAM = AR84MSRR4K;
				GENERATE_INFOPLIST_FILE = YES;
				IPHONEOS_DEPLOYMENT_TARGET = 15.4;
				MARKETING_VERSION = 1.0;
				PRODUCT_BUNDLE_IDENTIFIER = "developeracademy.Money---Savings-ManagerTests";
				PRODUCT_NAME = "$(TARGET_NAME)";
				SWIFT_EMIT_LOC_STRINGS = NO;
				SWIFT_VERSION = 5.0;
				TARGETED_DEVICE_FAMILY = "1,2";
				TEST_HOST = "$(BUILT_PRODUCTS_DIR)/Money & Savings Manager.app/Money & Savings Manager";
			};
			name = Debug;
		};
		4057209D28293D4C00FFDA9F /* Release */ = {
			isa = XCBuildConfiguration;
			buildSettings = {
				ALWAYS_EMBED_SWIFT_STANDARD_LIBRARIES = YES;
				BUNDLE_LOADER = "$(TEST_HOST)";
				CODE_SIGN_STYLE = Automatic;
				CURRENT_PROJECT_VERSION = 1;
				DEVELOPMENT_TEAM = AR84MSRR4K;
				GENERATE_INFOPLIST_FILE = YES;
				IPHONEOS_DEPLOYMENT_TARGET = 15.4;
				MARKETING_VERSION = 1.0;
				PRODUCT_BUNDLE_IDENTIFIER = "developeracademy.Money---Savings-ManagerTests";
				PRODUCT_NAME = "$(TARGET_NAME)";
				SWIFT_EMIT_LOC_STRINGS = NO;
				SWIFT_VERSION = 5.0;
				TARGETED_DEVICE_FAMILY = "1,2";
				TEST_HOST = "$(BUILT_PRODUCTS_DIR)/Money & Savings Manager.app/Money & Savings Manager";
			};
			name = Release;
		};
		4057209F28293D4C00FFDA9F /* Debug */ = {
			isa = XCBuildConfiguration;
			buildSettings = {
				ALWAYS_EMBED_SWIFT_STANDARD_LIBRARIES = YES;
				CODE_SIGN_STYLE = Automatic;
				CURRENT_PROJECT_VERSION = 1;
				DEVELOPMENT_TEAM = AR84MSRR4K;
				GENERATE_INFOPLIST_FILE = YES;
				MARKETING_VERSION = 1.0;
				PRODUCT_BUNDLE_IDENTIFIER = "developeracademy.Money---Savings-ManagerUITests";
				PRODUCT_NAME = "$(TARGET_NAME)";
				SWIFT_EMIT_LOC_STRINGS = NO;
				SWIFT_VERSION = 5.0;
				TARGETED_DEVICE_FAMILY = "1,2";
				TEST_TARGET_NAME = "Money & Savings Manager";
			};
			name = Debug;
		};
		405720A028293D4C00FFDA9F /* Release */ = {
			isa = XCBuildConfiguration;
			buildSettings = {
				ALWAYS_EMBED_SWIFT_STANDARD_LIBRARIES = YES;
				CODE_SIGN_STYLE = Automatic;
				CURRENT_PROJECT_VERSION = 1;
				DEVELOPMENT_TEAM = AR84MSRR4K;
				GENERATE_INFOPLIST_FILE = YES;
				MARKETING_VERSION = 1.0;
				PRODUCT_BUNDLE_IDENTIFIER = "developeracademy.Money---Savings-ManagerUITests";
				PRODUCT_NAME = "$(TARGET_NAME)";
				SWIFT_EMIT_LOC_STRINGS = NO;
				SWIFT_VERSION = 5.0;
				TARGETED_DEVICE_FAMILY = "1,2";
				TEST_TARGET_NAME = "Money & Savings Manager";
			};
			name = Release;
		};
/* End XCBuildConfiguration section */

/* Begin XCConfigurationList section */
		4057206928293D4B00FFDA9F /* Build configuration list for PBXProject "Money & Savings Manager" */ = {
			isa = XCConfigurationList;
			buildConfigurations = (
				4057209628293D4C00FFDA9F /* Debug */,
				4057209728293D4C00FFDA9F /* Release */,
			);
			defaultConfigurationIsVisible = 0;
			defaultConfigurationName = Release;
		};
		4057209828293D4C00FFDA9F /* Build configuration list for PBXNativeTarget "Money & Savings Manager" */ = {
			isa = XCConfigurationList;
			buildConfigurations = (
				4057209928293D4C00FFDA9F /* Debug */,
				4057209A28293D4C00FFDA9F /* Release */,
			);
			defaultConfigurationIsVisible = 0;
			defaultConfigurationName = Release;
		};
		4057209B28293D4C00FFDA9F /* Build configuration list for PBXNativeTarget "Money & Savings ManagerTests" */ = {
			isa = XCConfigurationList;
			buildConfigurations = (
				4057209C28293D4C00FFDA9F /* Debug */,
				4057209D28293D4C00FFDA9F /* Release */,
			);
			defaultConfigurationIsVisible = 0;
			defaultConfigurationName = Release;
		};
		4057209E28293D4C00FFDA9F /* Build configuration list for PBXNativeTarget "Money & Savings ManagerUITests" */ = {
			isa = XCConfigurationList;
			buildConfigurations = (
				4057209F28293D4C00FFDA9F /* Debug */,
				405720A028293D4C00FFDA9F /* Release */,
			);
			defaultConfigurationIsVisible = 0;
			defaultConfigurationName = Release;
		};
/* End XCConfigurationList section */
	};
	rootObject = 4057206628293D4B00FFDA9F /* Project object */;
}
